
Microsoft Visual Studio Solution File, Format Version 12.00
# Visual Studio Version 16
VisualStudioVersion = 16.0.31410.357
MinimumVisualStudioVersion = 10.0.40219.1
Project("{E24C65DC-7377-472B-9ABA-BC803B73C61A}") = "teacher", "teacher\", "{1F796F1B-6C96-460C-98E0-D3E74D0D7E23}"
	ProjectSection(WebsiteProperties) = preProject
		TargetFrameworkMoniker = ".NETFramework,Version%3Dv4.7.2"
		Debug.AspNetCompiler.VirtualPath = "/localhost_52723"
		Debug.AspNetCompiler.PhysicalPath = "teacher\"
		Debug.AspNetCompiler.TargetPath = "PrecompiledWeb\localhost_52723\"
		Debug.AspNetCompiler.Updateable = "true"
		Debug.AspNetCompiler.ForceOverwrite = "true"
		Debug.AspNetCompiler.FixedNames = "false"
		Debug.AspNetCompiler.Debug = "True"
		Release.AspNetCompiler.VirtualPath = "/localhost_52723"
		Release.AspNetCompiler.PhysicalPath = "teacher\"
		Release.AspNetCompiler.TargetPath = "PrecompiledWeb\localhost_52723\"
		Release.AspNetCompiler.Updateable = "true"
		Release.AspNetCompiler.ForceOverwrite = "true"
		Release.AspNetCompiler.FixedNames = "false"
		Release.AspNetCompiler.Debug = "False"
		VWDPort = "52723"
		DefaultWebSiteLanguage = "Visual C#"
	EndProjectSection
EndProject
Global
	GlobalSection(SolutionConfigurationPlatforms) = preSolution
		Debug|Any CPU = Debug|Any CPU
	EndGlobalSection
	GlobalSection(ProjectConfigurationPlatforms) = postSolution
		{1F796F1B-6C96-460C-98E0-D3E74D0D7E23}.Debug|Any CPU.ActiveCfg = Debug|Any CPU
		{1F796F1B-6C96-460C-98E0-D3E74D0D7E23}.Debug|Any CPU.Build.0 = Debug|Any CPU
	EndGlobalSection
	GlobalSection(SolutionProperties) = preSolution
		HideSolutionNode = FALSE
	EndGlobalSection
	GlobalSection(ExtensibilityGlobals) = postSolution
		SolutionGuid = {27E36767-C6AE-4ABF-9E1D-7B3AAB78082E}
	EndGlobalSection
EndGlobal
